
Microsoft Visual Studio Solution File, Format Version 12.00
# Visual Studio Version 16
VisualStudioVersion = 16.0.32929.386
MinimumVisualStudioVersion = 10.0.40219.1
Project("{2150E333-8FDC-42A3-9474-1A3956D46DE8}") = "Task0", "Task0", "{087FCD15-DCBC-4EC5-A31C-3E090E56CA78}"
EndProject
Project("{FAE04EC0-301F-11D3-BF4B-00C04F79EFBC}") = "Tyuiu.NosovaVD.Sprint0.Task0.V0", "Tyuiu.NosovaVD.Sprint0.Task0.V0\Tyuiu.NosovaVD.Sprint0.Task0.V0.csproj", "{56B48E5A-A8AA-4320-81E7-4B09C7E39A46}"
EndProject
Project("{2150E333-8FDC-42A3-9474-1A3956D46DE8}") = "Task1", "Task1", "{C1FD5F39-A0CB-45D2-AFC6-8FDD8ABC444D}"
EndProject
Project("{FAE04EC0-301F-11D3-BF4B-00C04F79EFBC}") = "Tyuiu.NosovaVD.Sprint0.Task1.V0", "Tyuiu.NosovaVD.Sprint0.Task1.V0\Tyuiu.NosovaVD.Sprint0.Task1.V0.csproj", "{AADFFEE0-D341-478F-96A6-011651C4C505}"
EndProject
Project("{2150E333-8FDC-42A3-9474-1A3956D46DE8}") = "Task2", "Task2", "{77732EDA-E8E2-49EF-8DF4-54E418E9F5F1}"
EndProject
Project("{FAE04EC0-301F-11D3-BF4B-00C04F79EFBC}") = "Tyuiu.NosovaVD.Sprint0.Task2.V0", "Tyuiu.NosovaVD.Sprint0.Task2.V0\Tyuiu.NosovaVD.Sprint0.Task2.V0.csproj", "{8E5D9DB4-3D98-4258-A679-63AC1D2CCC11}"
EndProject
Project("{FAE04EC0-301F-11D3-BF4B-00C04F79EFBC}") = "Tyuiu.NosovaVD.Sprint0.Task2.V0.Lib", "Tyuiu.NosovaVD.Sprint0.Task2.V0.Lib\Tyuiu.NosovaVD.Sprint0.Task2.V0.Lib.csproj", "{9AEF5109-368A-4018-951A-85F312DFE3F6}"
EndProject
Project("{FAE04EC0-301F-11D3-BF4B-00C04F79EFBC}") = "Tyuiu.NosovaVD.Sprint0.Task2.V0.Test", "Tyuiu.NosovaVD.Sprint0.Task2.V0.Test\Tyuiu.NosovaVD.Sprint0.Task2.V0.Test.csproj", "{913C5631-3D2A-4115-B7A9-F7FA8E995335}"
EndProject
Project("{2150E333-8FDC-42A3-9474-1A3956D46DE8}") = "Task3", "Task3", "{8C570D54-F45E-4DCF-AC2B-CDA65C685016}"
EndProject
Project("{FAE04EC0-301F-11D3-BF4B-00C04F79EFBC}") = "Tyuiu.NosovaVD.Sprint0.Task3.V0", "Tyuiu.NosovaVD.Sprint0.Task3.V0\Tyuiu.NosovaVD.Sprint0.Task3.V0.csproj", "{C2E8D440-C1A9-4A36-AF05-2BCFEA174283}"
EndProject
Project("{FAE04EC0-301F-11D3-BF4B-00C04F79EFBC}") = "Tyuiu.NosovaVD.Sprint0.Task3.V0.Lib", "Tyuiu.NosovaVD.Sprint0.Task3.V0.Lib\Tyuiu.NosovaVD.Sprint0.Task3.V0.Lib.csproj", "{15461FBD-E5E8-41ED-A1A5-EE831244C84E}"
EndProject
Project("{FAE04EC0-301F-11D3-BF4B-00C04F79EFBC}") = "Tyuiu.NosovaVD.Sprint0.Task3.V0.Test", "Tyuiu.NosovaVD.Sprint0.Task3.V0.Test\Tyuiu.NosovaVD.Sprint0.Task3.V0.Test.csproj", "{F1F26C4F-7681-4727-8309-DEC39DB7051F}"
EndProject
Project("{2150E333-8FDC-42A3-9474-1A3956D46DE8}") = "Task4", "Task4", "{9C0F7CE2-5B1B-4A3A-9676-5E0B22F8E7F5}"
EndProject
Project("{FAE04EC0-301F-11D3-BF4B-00C04F79EFBC}") = "Tyuiu.NosovaVD.Sprint0.Task4.V0", "Tyuiu.NosovaVD.Sprint0.Task4.V0\Tyuiu.NosovaVD.Sprint0.Task4.V0.csproj", "{30BF55E1-F5BC-46A5-92E6-49BAF1962DB7}"
EndProject
Project("{FAE04EC0-301F-11D3-BF4B-00C04F79EFBC}") = "Tyuiu.NosovaVD.Sprint0.Task4.V0.Lib", "Tyuiu.NosovaVD.Sprint0.Task4.V0.Lib\Tyuiu.NosovaVD.Sprint0.Task4.V0.Lib.csproj", "{0C30318E-3B01-4116-BF0D-8B858096592C}"
EndProject
Project("{FAE04EC0-301F-11D3-BF4B-00C04F79EFBC}") = "Tyuiu.NosovaVD.Sprint0.Task4.V0.Test", "Tyuiu.NosovaVD.Sprint0.Task4.V0.Test\Tyuiu.NosovaVD.Sprint0.Task4.V0.Test.csproj", "{9C6B4845-3AEF-494B-A17B-76C048DA3DE6}"
EndProject
Project("{2150E333-8FDC-42A3-9474-1A3956D46DE8}") = "Task5", "Task5", "{788307DF-F6C1-4E0F-A1BC-ADE92B54472F}"
EndProject
Project("{FAE04EC0-301F-11D3-BF4B-00C04F79EFBC}") = "Tyuiu.NosovaVD.Sprint0.Task5.V0", "Tyuiu.NosovaVD.Sprint0.Task5.V0\Tyuiu.NosovaVD.Sprint0.Task5.V0.csproj", "{47A6D7B6-7AD2-4230-8572-F14CA4494144}"
EndProject
Project("{FAE04EC0-301F-11D3-BF4B-00C04F79EFBC}") = "Tyuiu.NosovaVD.Sprint0.Task5.V0.Lib", "Tyuiu.NosovaVD.Sprint0.Task5.V0.Lib\Tyuiu.NosovaVD.Sprint0.Task5.V0.Lib.csproj", "{3F2A79AC-C942-417D-8724-9E24105F3FA5}"
EndProject
Project("{FAE04EC0-301F-11D3-BF4B-00C04F79EFBC}") = "Tyuiu.NosovaVD.Sprint0.Task5.V0.Test", "Tyuiu.NosovaVD.Sprint0.Task5.V0.Test\Tyuiu.NosovaVD.Sprint0.Task5.V0.Test.csproj", "{BA2AD331-270B-4100-AC9B-D4068CFD915C}"
EndProject
Project("{2150E333-8FDC-42A3-9474-1A3956D46DE8}") = "Task6", "Task6", "{F28AE435-10B8-48ED-A13B-E3983752DFA0}"
EndProject
Project("{FAE04EC0-301F-11D3-BF4B-00C04F79EFBC}") = "Tyuiu.NosovaVD.Sprint0.Task6.V0", "Tyuiu.NosovaVD.Sprint0.Task6.V0\Tyuiu.NosovaVD.Sprint0.Task6.V0.csproj", "{EB03D1B7-241E-4C5F-960C-39A9A9BA7AE8}"
EndProject
Project("{FAE04EC0-301F-11D3-BF4B-00C04F79EFBC}") = "Tyuiu.NosovaVD.Sprint0.Task6.V0.Lib", "Tyuiu.NosovaVD.Sprint0.Task6.V0.Lib\Tyuiu.NosovaVD.Sprint0.Task6.V0.Lib.csproj", "{771676A6-5CA8-4349-941F-223A020AD9F6}"
EndProject
Project("{FAE04EC0-301F-11D3-BF4B-00C04F79EFBC}") = "Tyuiu.NosovaVD.Sprint0.Task6.V0.Test", "Tyuiu.NosovaVD.Sprint0.Task6.V0.Test\Tyuiu.NosovaVD.Sprint0.Task6.V0.Test.csproj", "{C40A00E3-F623-4832-9106-22B518935FB2}"
EndProject
Project("{2150E333-8FDC-42A3-9474-1A3956D46DE8}") = "Task7", "Task7", "{A7441C00-2D81-439C-8F0B-B093391347FC}"
EndProject
Project("{FAE04EC0-301F-11D3-BF4B-00C04F79EFBC}") = "Tyuiu.NosovaVD.Sprint0.Task7.V0", "Tyuiu.NosovaVD.Sprint0.Task7.V0\Tyuiu.NosovaVD.Sprint0.Task7.V0.csproj", "{7D7F61AE-FA1C-42A7-BF90-F97D8809A2BD}"
EndProject
Project("{FAE04EC0-301F-11D3-BF4B-00C04F79EFBC}") = "Tyuiu.NosovaVD.Sprint0.Task7.V0.Lib", "Tyuiu.NosovaVD.Sprint0.Task7.V0.Lib\Tyuiu.NosovaVD.Sprint0.Task7.V0.Lib.csproj", "{2EF50FC1-3606-4BC1-9D3C-64EB2AD04CD5}"
EndProject
Project("{FAE04EC0-301F-11D3-BF4B-00C04F79EFBC}") = "Tyuiu.NosovaVD.Sprint0.Task7.V0.Test", "Tyuiu.NosovaVD.Sprint0.Task7.V0.Test\Tyuiu.NosovaVD.Sprint0.Task7.V0.Test.csproj", "{AD2E490B-6D4E-48DA-8C6E-DDCF4BE88381}"
EndProject
Global
	GlobalSection(SolutionConfigurationPlatforms) = preSolution
		Debug|Any CPU = Debug|Any CPU
		Release|Any CPU = Release|Any CPU
	EndGlobalSection
	GlobalSection(ProjectConfigurationPlatforms) = postSolution
		{56B48E5A-A8AA-4320-81E7-4B09C7E39A46}.Debug|Any CPU.ActiveCfg = Debug|Any CPU
		{56B48E5A-A8AA-4320-81E7-4B09C7E39A46}.Debug|Any CPU.Build.0 = Debug|Any CPU
		{56B48E5A-A8AA-4320-81E7-4B09C7E39A46}.Release|Any CPU.ActiveCfg = Release|Any CPU
		{56B48E5A-A8AA-4320-81E7-4B09C7E39A46}.Release|Any CPU.Build.0 = Release|Any CPU
		{AADFFEE0-D341-478F-96A6-011651C4C505}.Debug|Any CPU.ActiveCfg = Debug|Any CPU
		{AADFFEE0-D341-478F-96A6-011651C4C505}.Debug|Any CPU.Build.0 = Debug|Any CPU
		{AADFFEE0-D341-478F-96A6-011651C4C505}.Release|Any CPU.ActiveCfg = Release|Any CPU
		{AADFFEE0-D341-478F-96A6-011651C4C505}.Release|Any CPU.Build.0 = Release|Any CPU
		{8E5D9DB4-3D98-4258-A679-63AC1D2CCC11}.Debug|Any CPU.ActiveCfg = Debug|Any CPU
		{8E5D9DB4-3D98-4258-A679-63AC1D2CCC11}.Debug|Any CPU.Build.0 = Debug|Any CPU
		{8E5D9DB4-3D98-4258-A679-63AC1D2CCC11}.Release|Any CPU.ActiveCfg = Release|Any CPU
		{8E5D9DB4-3D98-4258-A679-63AC1D2CCC11}.Release|Any CPU.Build.0 = Release|Any CPU
		{9AEF5109-368A-4018-951A-85F312DFE3F6}.Debug|Any CPU.ActiveCfg = Debug|Any CPU
		{9AEF5109-368A-4018-951A-85F312DFE3F6}.Debug|Any CPU.Build.0 = Debug|Any CPU
		{9AEF5109-368A-4018-951A-85F312DFE3F6}.Release|Any CPU.ActiveCfg = Release|Any CPU
		{9AEF5109-368A-4018-951A-85F312DFE3F6}.Release|Any CPU.Build.0 = Release|Any CPU
		{913C5631-3D2A-4115-B7A9-F7FA8E995335}.Debug|Any CPU.ActiveCfg = Debug|Any CPU
		{913C5631-3D2A-4115-B7A9-F7FA8E995335}.Debug|Any CPU.Build.0 = Debug|Any CPU
		{913C5631-3D2A-4115-B7A9-F7FA8E995335}.Release|Any CPU.ActiveCfg = Release|Any CPU
		{913C5631-3D2A-4115-B7A9-F7FA8E995335}.Release|Any CPU.Build.0 = Release|Any CPU
		{C2E8D440-C1A9-4A36-AF05-2BCFEA174283}.Debug|Any CPU.ActiveCfg = Debug|Any CPU
		{C2E8D440-C1A9-4A36-AF05-2BCFEA174283}.Debug|Any CPU.Build.0 = Debug|Any CPU
		{C2E8D440-C1A9-4A36-AF05-2BCFEA174283}.Release|Any CPU.ActiveCfg = Release|Any CPU
		{C2E8D440-C1A9-4A36-AF05-2BCFEA174283}.Release|Any CPU.Build.0 = Release|Any CPU
		{15461FBD-E5E8-41ED-A1A5-EE831244C84E}.Debug|Any CPU.ActiveCfg = Debug|Any CPU
		{15461FBD-E5E8-41ED-A1A5-EE831244C84E}.Debug|Any CPU.Build.0 = Debug|Any CPU
		{15461FBD-E5E8-41ED-A1A5-EE831244C84E}.Release|Any CPU.ActiveCfg = Release|Any CPU
		{15461FBD-E5E8-41ED-A1A5-EE831244C84E}.Release|Any CPU.Build.0 = Release|Any CPU
		{F1F26C4F-7681-4727-8309-DEC39DB7051F}.Debug|Any CPU.ActiveCfg = Debug|Any CPU
		{F1F26C4F-7681-4727-8309-DEC39DB7051F}.Debug|Any CPU.Build.0 = Debug|Any CPU
		{F1F26C4F-7681-4727-8309-DEC39DB7051F}.Release|Any CPU.ActiveCfg = Release|Any CPU
		{F1F26C4F-7681-4727-8309-DEC39DB7051F}.Release|Any CPU.Build.0 = Release|Any CPU
		{30BF55E1-F5BC-46A5-92E6-49BAF1962DB7}.Debug|Any CPU.ActiveCfg = Debug|Any CPU
		{30BF55E1-F5BC-46A5-92E6-49BAF1962DB7}.Debug|Any CPU.Build.0 = Debug|Any CPU
		{30BF55E1-F5BC-46A5-92E6-49BAF1962DB7}.Release|Any CPU.ActiveCfg = Release|Any CPU
		{30BF55E1-F5BC-46A5-92E6-49BAF1962DB7}.Release|Any CPU.Build.0 = Release|Any CPU
		{0C30318E-3B01-4116-BF0D-8B858096592C}.Debug|Any CPU.ActiveCfg = Debug|Any CPU
		{0C30318E-3B01-4116-BF0D-8B858096592C}.Debug|Any CPU.Build.0 = Debug|Any CPU
		{0C30318E-3B01-4116-BF0D-8B858096592C}.Release|Any CPU.ActiveCfg = Release|Any CPU
		{0C30318E-3B01-4116-BF0D-8B858096592C}.Release|Any CPU.Build.0 = Release|Any CPU
		{9C6B4845-3AEF-494B-A17B-76C048DA3DE6}.Debug|Any CPU.ActiveCfg = Debug|Any CPU
		{9C6B4845-3AEF-494B-A17B-76C048DA3DE6}.Debug|Any CPU.Build.0 = Debug|Any CPU
		{9C6B4845-3AEF-494B-A17B-76C048DA3DE6}.Release|Any CPU.ActiveCfg = Release|Any CPU
		{9C6B4845-3AEF-494B-A17B-76C048DA3DE6}.Release|Any CPU.Build.0 = Release|Any CPU
		{47A6D7B6-7AD2-4230-8572-F14CA4494144}.Debug|Any CPU.ActiveCfg = Debug|Any CPU
		{47A6D7B6-7AD2-4230-8572-F14CA4494144}.Debug|Any CPU.Build.0 = Debug|Any CPU
		{47A6D7B6-7AD2-4230-8572-F14CA4494144}.Release|Any CPU.ActiveCfg = Release|Any CPU
		{47A6D7B6-7AD2-4230-8572-F14CA4494144}.Release|Any CPU.Build.0 = Release|Any CPU
		{3F2A79AC-C942-417D-8724-9E24105F3FA5}.Debug|Any CPU.ActiveCfg = Debug|Any CPU
		{3F2A79AC-C942-417D-8724-9E24105F3FA5}.Debug|Any CPU.Build.0 = Debug|Any CPU
		{3F2A79AC-C942-417D-8724-9E24105F3FA5}.Release|Any CPU.ActiveCfg = Release|Any CPU
		{3F2A79AC-C942-417D-8724-9E24105F3FA5}.Release|Any CPU.Build.0 = Release|Any CPU
		{BA2AD331-270B-4100-AC9B-D4068CFD915C}.Debug|Any CPU.ActiveCfg = Debug|Any CPU
		{BA2AD331-270B-4100-AC9B-D4068CFD915C}.Debug|Any CPU.Build.0 = Debug|Any CPU
		{BA2AD331-270B-4100-AC9B-D4068CFD915C}.Release|Any CPU.ActiveCfg = Release|Any CPU
		{BA2AD331-270B-4100-AC9B-D4068CFD915C}.Release|Any CPU.Build.0 = Release|Any CPU
		{EB03D1B7-241E-4C5F-960C-39A9A9BA7AE8}.Debug|Any CPU.ActiveCfg = Debug|Any CPU
		{EB03D1B7-241E-4C5F-960C-39A9A9BA7AE8}.Debug|Any CPU.Build.0 = Debug|Any CPU
		{EB03D1B7-241E-4C5F-960C-39A9A9BA7AE8}.Release|Any CPU.ActiveCfg = Release|Any CPU
		{EB03D1B7-241E-4C5F-960C-39A9A9BA7AE8}.Release|Any CPU.Build.0 = Release|Any CPU
		{771676A6-5CA8-4349-941F-223A020AD9F6}.Debug|Any CPU.ActiveCfg = Debug|Any CPU
		{771676A6-5CA8-4349-941F-223A020AD9F6}.Debug|Any CPU.Build.0 = Debug|Any CPU
		{771676A6-5CA8-4349-941F-223A020AD9F6}.Release|Any CPU.ActiveCfg = Release|Any CPU
		{771676A6-5CA8-4349-941F-223A020AD9F6}.Release|Any CPU.Build.0 = Release|Any CPU
		{C40A00E3-F623-4832-9106-22B518935FB2}.Debug|Any CPU.ActiveCfg = Debug|Any CPU
		{C40A00E3-F623-4832-9106-22B518935FB2}.Debug|Any CPU.Build.0 = Debug|Any CPU
		{C40A00E3-F623-4832-9106-22B518935FB2}.Release|Any CPU.ActiveCfg = Release|Any CPU
		{C40A00E3-F623-4832-9106-22B518935FB2}.Release|Any CPU.Build.0 = Release|Any CPU
		{7D7F61AE-FA1C-42A7-BF90-F97D8809A2BD}.Debug|Any CPU.ActiveCfg = Debug|Any CPU
		{7D7F61AE-FA1C-42A7-BF90-F97D8809A2BD}.Debug|Any CPU.Build.0 = Debug|Any CPU
		{7D7F61AE-FA1C-42A7-BF90-F97D8809A2BD}.Release|Any CPU.ActiveCfg = Release|Any CPU
		{7D7F61AE-FA1C-42A7-BF90-F97D8809A2BD}.Release|Any CPU.Build.0 = Release|Any CPU
		{2EF50FC1-3606-4BC1-9D3C-64EB2AD04CD5}.Debug|Any CPU.ActiveCfg = Debug|Any CPU
		{2EF50FC1-3606-4BC1-9D3C-64EB2AD04CD5}.Debug|Any CPU.Build.0 = Debug|Any CPU
		{2EF50FC1-3606-4BC1-9D3C-64EB2AD04CD5}.Release|Any CPU.ActiveCfg = Release|Any CPU
		{2EF50FC1-3606-4BC1-9D3C-64EB2AD04CD5}.Release|Any CPU.Build.0 = Release|Any CPU
		{AD2E490B-6D4E-48DA-8C6E-DDCF4BE88381}.Debug|Any CPU.ActiveCfg = Debug|Any CPU
		{AD2E490B-6D4E-48DA-8C6E-DDCF4BE88381}.Debug|Any CPU.Build.0 = Debug|Any CPU
		{AD2E490B-6D4E-48DA-8C6E-DDCF4BE88381}.Release|Any CPU.ActiveCfg = Release|Any CPU
		{AD2E490B-6D4E-48DA-8C6E-DDCF4BE88381}.Release|Any CPU.Build.0 = Release|Any CPU
	EndGlobalSection
	GlobalSection(SolutionProperties) = preSolution
		HideSolutionNode = FALSE
	EndGlobalSection
	GlobalSection(NestedProjects) = preSolution
		{56B48E5A-A8AA-4320-81E7-4B09C7E39A46} = {087FCD15-DCBC-4EC5-A31C-3E090E56CA78}
		{AADFFEE0-D341-478F-96A6-011651C4C505} = {C1FD5F39-A0CB-45D2-AFC6-8FDD8ABC444D}
		{8E5D9DB4-3D98-4258-A679-63AC1D2CCC11} = {77732EDA-E8E2-49EF-8DF4-54E418E9F5F1}
		{9AEF5109-368A-4018-951A-85F312DFE3F6} = {77732EDA-E8E2-49EF-8DF4-54E418E9F5F1}
		{913C5631-3D2A-4115-B7A9-F7FA8E995335} = {77732EDA-E8E2-49EF-8DF4-54E418E9F5F1}
		{C2E8D440-C1A9-4A36-AF05-2BCFEA174283} = {8C570D54-F45E-4DCF-AC2B-CDA65C685016}
		{15461FBD-E5E8-41ED-A1A5-EE831244C84E} = {8C570D54-F45E-4DCF-AC2B-CDA65C685016}
		{F1F26C4F-7681-4727-8309-DEC39DB7051F} = {8C570D54-F45E-4DCF-AC2B-CDA65C685016}
		{30BF55E1-F5BC-46A5-92E6-49BAF1962DB7} = {9C0F7CE2-5B1B-4A3A-9676-5E0B22F8E7F5}
		{0C30318E-3B01-4116-BF0D-8B858096592C} = {9C0F7CE2-5B1B-4A3A-9676-5E0B22F8E7F5}
		{9C6B4845-3AEF-494B-A17B-76C048DA3DE6} = {9C0F7CE2-5B1B-4A3A-9676-5E0B22F8E7F5}
		{47A6D7B6-7AD2-4230-8572-F14CA4494144} = {788307DF-F6C1-4E0F-A1BC-ADE92B54472F}
		{3F2A79AC-C942-417D-8724-9E24105F3FA5} = {788307DF-F6C1-4E0F-A1BC-ADE92B54472F}
		{BA2AD331-270B-4100-AC9B-D4068CFD915C} = {788307DF-F6C1-4E0F-A1BC-ADE92B54472F}
		{EB03D1B7-241E-4C5F-960C-39A9A9BA7AE8} = {F28AE435-10B8-48ED-A13B-E3983752DFA0}
		{771676A6-5CA8-4349-941F-223A020AD9F6} = {F28AE435-10B8-48ED-A13B-E3983752DFA0}
		{C40A00E3-F623-4832-9106-22B518935FB2} = {F28AE435-10B8-48ED-A13B-E3983752DFA0}
		{7D7F61AE-FA1C-42A7-BF90-F97D8809A2BD} = {A7441C00-2D81-439C-8F0B-B093391347FC}
		{2EF50FC1-3606-4BC1-9D3C-64EB2AD04CD5} = {A7441C00-2D81-439C-8F0B-B093391347FC}
		{AD2E490B-6D4E-48DA-8C6E-DDCF4BE88381} = {A7441C00-2D81-439C-8F0B-B093391347FC}
	EndGlobalSection
	GlobalSection(ExtensibilityGlobals) = postSolution
		SolutionGuid = {F3322FB1-3728-4AB8-B9B2-23E72214F428}
	EndGlobalSection
EndGlobal
